{
  "name": "@ahamed_ajas/common",
  "version": "1.0.0",
  "lockfileVersion": 3,
  "requires": true,
  "packages": {
    "": {
      "name": "@ahamed_ajas/common",
      "version": "1.0.0",
      "license": "ISC",
      "dependencies": {
        "@ahamed_ajas/common": "^1.0.0",
        "zod": "^3.23.8"
      }
    },
    "node_modules/@ahamed_ajas/common": {
      "version": "1.0.0",
      "resolved": "https://registry.npmjs.org/@ahamed_ajas/common/-/common-1.0.0.tgz",
      "integrity": "sha512-odm/RTevdEg3IRzajKtU/o69EbqacveL/GhlBhe0xuXHIN7C/P4Ln4w7mGxcfbxx1x7IAhx0Rvf7pm2NZ187JQ==",
      "dependencies": {
        "zod": "^3.23.8"
      }
    },
    "node_modules/zod": {
      "version": "3.23.8",
      "resolved": "https://registry.npmjs.org/zod/-/zod-3.23.8.tgz",
      "integrity": "sha512-XBx9AXhXktjUqnepgTiE5flcKIYWi/rme0Eaj+5Y0lftuGBq+jyRu/md4WnuxqgP1ubdpNCsYEYPxrzVHD8d6g==",
      "funding": {
        "url": "https://github.com/sponsors/colinhacks"
      }
    }
  }
}
